<Solution>
  <Folder Name="/src/">
    <Project Path="src/Protowire.Envelope/Protowire.Envelope.csproj" />
    <Project Path="src/Protowire.Pb/Protowire.Pb.csproj" />
    <Project Path="src/Protowire.Pxf/Protowire.Pxf.csproj" />
    <Project Path="src/Protowire.Sbe/Protowire.Sbe.csproj" />
  </Folder>
  <Folder Name="/tests/">
    <Project Path="tests/Protowire.Envelope.Tests/Protowire.Envelope.Tests.csproj" />
    <Project Path="tests/Protowire.Pb.Tests/Protowire.Pb.Tests.csproj" />
    <Project Path="tests/Protowire.Pxf.Tests/Protowire.Pxf.Tests.csproj" />
    <Project Path="tests/Protowire.Sbe.Tests/Protowire.Sbe.Tests.csproj" />
  </Folder>
</Solution>
